
Microsoft Visual Studio Solution File, Format Version 12.00
# Visual Studio Version 17
VisualStudioVersion = 17.0.31903.59
MinimumVisualStudioVersion = 10.0.40219.1
Project("{FAE04EC0-301F-11D3-BF4B-00C04F79EFBC}") = "MyApi", "MyApi\MyApi.csproj", "{0F725B6C-8724-4850-9EF1-350C12409697}"
EndProject
Project("{2150E333-8FDC-42A3-9474-1A3956D46DE8}") = "AppHost", "AppHost", "{90DCE71B-4939-B80A-CE8C-85DE2210C7AC}"
EndProject
Project("{FAE04EC0-301F-11D3-BF4B-00C04F79EFBC}") = "MyAspireApp.Host", "AppHost\MyAspireApp.Host.csproj", "{F23058F7-2519-4A54-94CD-B0EDEDE27E73}"
EndProject
Project("{FAE04EC0-301F-11D3-BF4B-00C04F79EFBC}") = "MyApi.Tests", "MyApi.Tests\MyApi.Tests.csproj", "{565E564B-C912-4442-8933-E5132656BA61}"
EndProject
Global
	GlobalSection(SolutionConfigurationPlatforms) = preSolution
		Debug|Any CPU = Debug|Any CPU
		Debug|x64 = Debug|x64
		Debug|x86 = Debug|x86
		Release|Any CPU = Release|Any CPU
		Release|x64 = Release|x64
		Release|x86 = Release|x86
	EndGlobalSection
	GlobalSection(ProjectConfigurationPlatforms) = postSolution
		{0F725B6C-8724-4850-9EF1-350C12409697}.Debug|Any CPU.ActiveCfg = Debug|Any CPU
		{0F725B6C-8724-4850-9EF1-350C12409697}.Debug|Any CPU.Build.0 = Debug|Any CPU
		{0F725B6C-8724-4850-9EF1-350C12409697}.Debug|x64.ActiveCfg = Debug|Any CPU
		{0F725B6C-8724-4850-9EF1-350C12409697}.Debug|x64.Build.0 = Debug|Any CPU
		{0F725B6C-8724-4850-9EF1-350C12409697}.Debug|x86.ActiveCfg = Debug|Any CPU
		{0F725B6C-8724-4850-9EF1-350C12409697}.Debug|x86.Build.0 = Debug|Any CPU
		{0F725B6C-8724-4850-9EF1-350C12409697}.Release|Any CPU.ActiveCfg = Release|Any CPU
		{0F725B6C-8724-4850-9EF1-350C12409697}.Release|Any CPU.Build.0 = Release|Any CPU
		{0F725B6C-8724-4850-9EF1-350C12409697}.Release|x64.ActiveCfg = Release|Any CPU
		{0F725B6C-8724-4850-9EF1-350C12409697}.Release|x64.Build.0 = Release|Any CPU
		{0F725B6C-8724-4850-9EF1-350C12409697}.Release|x86.ActiveCfg = Release|Any CPU
		{0F725B6C-8724-4850-9EF1-350C12409697}.Release|x86.Build.0 = Release|Any CPU
		{F23058F7-2519-4A54-94CD-B0EDEDE27E73}.Debug|Any CPU.ActiveCfg = Debug|Any CPU
		{F23058F7-2519-4A54-94CD-B0EDEDE27E73}.Debug|Any CPU.Build.0 = Debug|Any CPU
		{F23058F7-2519-4A54-94CD-B0EDEDE27E73}.Debug|x64.ActiveCfg = Debug|Any CPU
		{F23058F7-2519-4A54-94CD-B0EDEDE27E73}.Debug|x64.Build.0 = Debug|Any CPU
		{F23058F7-2519-4A54-94CD-B0EDEDE27E73}.Debug|x86.ActiveCfg = Debug|Any CPU
		{F23058F7-2519-4A54-94CD-B0EDEDE27E73}.Debug|x86.Build.0 = Debug|Any CPU
		{F23058F7-2519-4A54-94CD-B0EDEDE27E73}.Release|Any CPU.ActiveCfg = Release|Any CPU
		{F23058F7-2519-4A54-94CD-B0EDEDE27E73}.Release|Any CPU.Build.0 = Release|Any CPU
		{F23058F7-2519-4A54-94CD-B0EDEDE27E73}.Release|x64.ActiveCfg = Release|Any CPU
		{F23058F7-2519-4A54-94CD-B0EDEDE27E73}.Release|x64.Build.0 = Release|Any CPU
		{F23058F7-2519-4A54-94CD-B0EDEDE27E73}.Release|x86.ActiveCfg = Release|Any CPU
		{F23058F7-2519-4A54-94CD-B0EDEDE27E73}.Release|x86.Build.0 = Release|Any CPU
		{565E564B-C912-4442-8933-E5132656BA61}.Debug|Any CPU.ActiveCfg = Debug|Any CPU
		{565E564B-C912-4442-8933-E5132656BA61}.Debug|Any CPU.Build.0 = Debug|Any CPU
		{565E564B-C912-4442-8933-E5132656BA61}.Debug|x64.ActiveCfg = Debug|Any CPU
		{565E564B-C912-4442-8933-E5132656BA61}.Debug|x64.Build.0 = Debug|Any CPU
		{565E564B-C912-4442-8933-E5132656BA61}.Debug|x86.ActiveCfg = Debug|Any CPU
		{565E564B-C912-4442-8933-E5132656BA61}.Debug|x86.Build.0 = Debug|Any CPU
		{565E564B-C912-4442-8933-E5132656BA61}.Release|Any CPU.ActiveCfg = Release|Any CPU
		{565E564B-C912-4442-8933-E5132656BA61}.Release|Any CPU.Build.0 = Release|Any CPU
		{565E564B-C912-4442-8933-E5132656BA61}.Release|x64.ActiveCfg = Release|Any CPU
		{565E564B-C912-4442-8933-E5132656BA61}.Release|x64.Build.0 = Release|Any CPU
		{565E564B-C912-4442-8933-E5132656BA61}.Release|x86.ActiveCfg = Release|Any CPU
		{565E564B-C912-4442-8933-E5132656BA61}.Release|x86.Build.0 = Release|Any CPU
	EndGlobalSection
	GlobalSection(SolutionProperties) = preSolution
		HideSolutionNode = FALSE
	EndGlobalSection
	GlobalSection(NestedProjects) = preSolution
		{F23058F7-2519-4A54-94CD-B0EDEDE27E73} = {90DCE71B-4939-B80A-CE8C-85DE2210C7AC}
	EndGlobalSection
EndGlobal
